
Microsoft Visual Studio Solution File, Format Version 12.00
# Visual Studio Version 16
VisualStudioVersion = 16.0.808.0
MinimumVisualStudioVersion = 10.0.40219.1
Project("{FAE04EC0-301F-11D3-BF4B-00C04F79EFBC}") = "MyKlemisApp.iOS", "MyKlemisApp.iOS.csproj", "{136A4C9A-C696-4574-8882-C1556F88D48B}"
EndProject
Global
	GlobalSection(SolutionConfigurationPlatforms) = preSolution
		Debug|iPhoneSimulator = Debug|iPhoneSimulator
		Release|iPhoneSimulator = Release|iPhoneSimulator
		Debug|iPhone = Debug|iPhone
		Release|iPhone = Release|iPhone
	EndGlobalSection
	GlobalSection(ProjectConfigurationPlatforms) = postSolution
		{136A4C9A-C696-4574-8882-C1556F88D48B}.Debug|iPhoneSimulator.ActiveCfg = Debug|iPhoneSimulator
		{136A4C9A-C696-4574-8882-C1556F88D48B}.Debug|iPhoneSimulator.Build.0 = Debug|iPhoneSimulator
		{136A4C9A-C696-4574-8882-C1556F88D48B}.Release|iPhoneSimulator.ActiveCfg = Release|iPhoneSimulator
		{136A4C9A-C696-4574-8882-C1556F88D48B}.Release|iPhoneSimulator.Build.0 = Release|iPhoneSimulator
		{136A4C9A-C696-4574-8882-C1556F88D48B}.Debug|iPhone.ActiveCfg = Debug|iPhone
		{136A4C9A-C696-4574-8882-C1556F88D48B}.Debug|iPhone.Build.0 = Debug|iPhone
		{136A4C9A-C696-4574-8882-C1556F88D48B}.Release|iPhone.ActiveCfg = Release|iPhone
		{136A4C9A-C696-4574-8882-C1556F88D48B}.Release|iPhone.Build.0 = Release|iPhone
	EndGlobalSection
	GlobalSection(SolutionProperties) = preSolution
		HideSolutionNode = FALSE
	EndGlobalSection
	GlobalSection(ExtensibilityGlobals) = postSolution
		SolutionGuid = {451C756C-EF92-48D5-BFA7-056CDAFC970C}
	EndGlobalSection
EndGlobal
